
Microsoft Visual Studio Solution File, Format Version 12.00
# Visual Studio Version 17
VisualStudioVersion = 17.5.002.0
MinimumVisualStudioVersion = 10.0.40219.1
Project("{9A19103F-16F7-4668-BE54-9A1E7A4F7556}") = "LHPet", "LHPet.csproj", "{996AA799-C417-478F-ABD8-ABBBAA6DB3EE}"
EndProject
Global
	GlobalSection(SolutionConfigurationPlatforms) = preSolution
		Debug|Any CPU = Debug|Any CPU
		Release|Any CPU = Release|Any CPU
	EndGlobalSection
	GlobalSection(ProjectConfigurationPlatforms) = postSolution
		{996AA799-C417-478F-ABD8-ABBBAA6DB3EE}.Debug|Any CPU.ActiveCfg = Debug|Any CPU
		{996AA799-C417-478F-ABD8-ABBBAA6DB3EE}.Debug|Any CPU.Build.0 = Debug|Any CPU
		{996AA799-C417-478F-ABD8-ABBBAA6DB3EE}.Release|Any CPU.ActiveCfg = Release|Any CPU
		{996AA799-C417-478F-ABD8-ABBBAA6DB3EE}.Release|Any CPU.Build.0 = Release|Any CPU
	EndGlobalSection
	GlobalSection(SolutionProperties) = preSolution
		HideSolutionNode = FALSE
	EndGlobalSection
	GlobalSection(ExtensibilityGlobals) = postSolution
		SolutionGuid = {8735188E-CDE6-43DC-AF93-810D2D43BC0B}
	EndGlobalSection
EndGlobal
